
Microsoft Visual Studio Solution File, Format Version 12.00
# Visual Studio 15
VisualStudioVersion = 15.0.26124.0
MinimumVisualStudioVersion = 15.0.26124.0
Project("{2150E333-8FDC-42A3-9474-1A3956D46DE8}") = "test", "test", "{3537730C-3949-44C3-9FE3-F3D68885CE09}"
EndProject
Project("{2150E333-8FDC-42A3-9474-1A3956D46DE8}") = "mooc", "mooc", "{32D08B87-CD3F-495E-9B62-1A03AC174D08}"
EndProject
Project("{FAE04EC0-301F-11D3-BF4B-00C04F79EFBC}") = "Mooc.Tests", "test\mooc\Mooc.Tests\Mooc.Tests.csproj", "{933F71C5-C31E-4DFC-952A-369CDB64E746}"
EndProject
Project("{2150E333-8FDC-42A3-9474-1A3956D46DE8}") = "src", "src", "{47C55372-BCFE-4739-8E3F-1CDC20E00B44}"
EndProject
Project("{2150E333-8FDC-42A3-9474-1A3956D46DE8}") = "mooc", "mooc", "{5DAEC2CF-31BC-43BD-84C0-180FE52F1E45}"
EndProject
Project("{FAE04EC0-301F-11D3-BF4B-00C04F79EFBC}") = "Mooc", "src\mooc\Mooc\Mooc.csproj", "{5799A9A6-7D04-4F46-A821-E9901F947454}"
EndProject
Project("{2150E333-8FDC-42A3-9474-1A3956D46DE8}") = "shared", "shared", "{E63801B1-EC38-43C6-BD29-B74AF1D6213A}"
EndProject
Project("{FAE04EC0-301F-11D3-BF4B-00C04F79EFBC}") = "Shared", "src\shared\Shared\Shared.csproj", "{228810C1-3136-4FA6-84A1-F426EE089CA1}"
EndProject
Project("{FAE04EC0-301F-11D3-BF4B-00C04F79EFBC}") = "Mooc.AcceptanceTests", "test\mooc\Mooc.AcceptanceTests\Mooc.AcceptanceTests.csproj", "{8DF503BE-5CC8-4D2F-8FC9-699C3F8815B9}"
EndProject
Global
	GlobalSection(SolutionConfigurationPlatforms) = preSolution
		Debug|Any CPU = Debug|Any CPU
		Debug|x64 = Debug|x64
		Debug|x86 = Debug|x86
		Release|Any CPU = Release|Any CPU
		Release|x64 = Release|x64
		Release|x86 = Release|x86
	EndGlobalSection
	GlobalSection(SolutionProperties) = preSolution
		HideSolutionNode = FALSE
	EndGlobalSection
	GlobalSection(ProjectConfigurationPlatforms) = postSolution
		{933F71C5-C31E-4DFC-952A-369CDB64E746}.Debug|Any CPU.ActiveCfg = Debug|Any CPU
		{933F71C5-C31E-4DFC-952A-369CDB64E746}.Debug|Any CPU.Build.0 = Debug|Any CPU
		{933F71C5-C31E-4DFC-952A-369CDB64E746}.Debug|x64.ActiveCfg = Debug|Any CPU
		{933F71C5-C31E-4DFC-952A-369CDB64E746}.Debug|x64.Build.0 = Debug|Any CPU
		{933F71C5-C31E-4DFC-952A-369CDB64E746}.Debug|x86.ActiveCfg = Debug|Any CPU
		{933F71C5-C31E-4DFC-952A-369CDB64E746}.Debug|x86.Build.0 = Debug|Any CPU
		{933F71C5-C31E-4DFC-952A-369CDB64E746}.Release|Any CPU.ActiveCfg = Release|Any CPU
		{933F71C5-C31E-4DFC-952A-369CDB64E746}.Release|Any CPU.Build.0 = Release|Any CPU
		{933F71C5-C31E-4DFC-952A-369CDB64E746}.Release|x64.ActiveCfg = Release|Any CPU
		{933F71C5-C31E-4DFC-952A-369CDB64E746}.Release|x64.Build.0 = Release|Any CPU
		{933F71C5-C31E-4DFC-952A-369CDB64E746}.Release|x86.ActiveCfg = Release|Any CPU
		{933F71C5-C31E-4DFC-952A-369CDB64E746}.Release|x86.Build.0 = Release|Any CPU
		{5799A9A6-7D04-4F46-A821-E9901F947454}.Debug|Any CPU.ActiveCfg = Debug|Any CPU
		{5799A9A6-7D04-4F46-A821-E9901F947454}.Debug|Any CPU.Build.0 = Debug|Any CPU
		{5799A9A6-7D04-4F46-A821-E9901F947454}.Debug|x64.ActiveCfg = Debug|Any CPU
		{5799A9A6-7D04-4F46-A821-E9901F947454}.Debug|x64.Build.0 = Debug|Any CPU
		{5799A9A6-7D04-4F46-A821-E9901F947454}.Debug|x86.ActiveCfg = Debug|Any CPU
		{5799A9A6-7D04-4F46-A821-E9901F947454}.Debug|x86.Build.0 = Debug|Any CPU
		{5799A9A6-7D04-4F46-A821-E9901F947454}.Release|Any CPU.ActiveCfg = Release|Any CPU
		{5799A9A6-7D04-4F46-A821-E9901F947454}.Release|Any CPU.Build.0 = Release|Any CPU
		{5799A9A6-7D04-4F46-A821-E9901F947454}.Release|x64.ActiveCfg = Release|Any CPU
		{5799A9A6-7D04-4F46-A821-E9901F947454}.Release|x64.Build.0 = Release|Any CPU
		{5799A9A6-7D04-4F46-A821-E9901F947454}.Release|x86.ActiveCfg = Release|Any CPU
		{5799A9A6-7D04-4F46-A821-E9901F947454}.Release|x86.Build.0 = Release|Any CPU
		{228810C1-3136-4FA6-84A1-F426EE089CA1}.Debug|Any CPU.ActiveCfg = Debug|Any CPU
		{228810C1-3136-4FA6-84A1-F426EE089CA1}.Debug|Any CPU.Build.0 = Debug|Any CPU
		{228810C1-3136-4FA6-84A1-F426EE089CA1}.Debug|x64.ActiveCfg = Debug|Any CPU
		{228810C1-3136-4FA6-84A1-F426EE089CA1}.Debug|x64.Build.0 = Debug|Any CPU
		{228810C1-3136-4FA6-84A1-F426EE089CA1}.Debug|x86.ActiveCfg = Debug|Any CPU
		{228810C1-3136-4FA6-84A1-F426EE089CA1}.Debug|x86.Build.0 = Debug|Any CPU
		{228810C1-3136-4FA6-84A1-F426EE089CA1}.Release|Any CPU.ActiveCfg = Release|Any CPU
		{228810C1-3136-4FA6-84A1-F426EE089CA1}.Release|Any CPU.Build.0 = Release|Any CPU
		{228810C1-3136-4FA6-84A1-F426EE089CA1}.Release|x64.ActiveCfg = Release|Any CPU
		{228810C1-3136-4FA6-84A1-F426EE089CA1}.Release|x64.Build.0 = Release|Any CPU
		{228810C1-3136-4FA6-84A1-F426EE089CA1}.Release|x86.ActiveCfg = Release|Any CPU
		{228810C1-3136-4FA6-84A1-F426EE089CA1}.Release|x86.Build.0 = Release|Any CPU
		{8DF503BE-5CC8-4D2F-8FC9-699C3F8815B9}.Debug|Any CPU.ActiveCfg = Debug|Any CPU
		{8DF503BE-5CC8-4D2F-8FC9-699C3F8815B9}.Debug|Any CPU.Build.0 = Debug|Any CPU
		{8DF503BE-5CC8-4D2F-8FC9-699C3F8815B9}.Debug|x64.ActiveCfg = Debug|Any CPU
		{8DF503BE-5CC8-4D2F-8FC9-699C3F8815B9}.Debug|x64.Build.0 = Debug|Any CPU
		{8DF503BE-5CC8-4D2F-8FC9-699C3F8815B9}.Debug|x86.ActiveCfg = Debug|Any CPU
		{8DF503BE-5CC8-4D2F-8FC9-699C3F8815B9}.Debug|x86.Build.0 = Debug|Any CPU
		{8DF503BE-5CC8-4D2F-8FC9-699C3F8815B9}.Release|Any CPU.ActiveCfg = Release|Any CPU
		{8DF503BE-5CC8-4D2F-8FC9-699C3F8815B9}.Release|Any CPU.Build.0 = Release|Any CPU
		{8DF503BE-5CC8-4D2F-8FC9-699C3F8815B9}.Release|x64.ActiveCfg = Release|Any CPU
		{8DF503BE-5CC8-4D2F-8FC9-699C3F8815B9}.Release|x64.Build.0 = Release|Any CPU
		{8DF503BE-5CC8-4D2F-8FC9-699C3F8815B9}.Release|x86.ActiveCfg = Release|Any CPU
		{8DF503BE-5CC8-4D2F-8FC9-699C3F8815B9}.Release|x86.Build.0 = Release|Any CPU
	EndGlobalSection
	GlobalSection(NestedProjects) = preSolution
		{32D08B87-CD3F-495E-9B62-1A03AC174D08} = {3537730C-3949-44C3-9FE3-F3D68885CE09}
		{933F71C5-C31E-4DFC-952A-369CDB64E746} = {32D08B87-CD3F-495E-9B62-1A03AC174D08}
		{5DAEC2CF-31BC-43BD-84C0-180FE52F1E45} = {47C55372-BCFE-4739-8E3F-1CDC20E00B44}
		{5799A9A6-7D04-4F46-A821-E9901F947454} = {5DAEC2CF-31BC-43BD-84C0-180FE52F1E45}
		{E63801B1-EC38-43C6-BD29-B74AF1D6213A} = {47C55372-BCFE-4739-8E3F-1CDC20E00B44}
		{228810C1-3136-4FA6-84A1-F426EE089CA1} = {E63801B1-EC38-43C6-BD29-B74AF1D6213A}
		{8DF503BE-5CC8-4D2F-8FC9-699C3F8815B9} = {32D08B87-CD3F-495E-9B62-1A03AC174D08}
	EndGlobalSection
EndGlobal
